{
  "name": "code-spy",
  "version": "1.0.0",
  "lockfileVersion": 1,
  "requires": true,
  "dependencies": {
    "@types/node": {
      "version": "10.17.60",
      "resolved": "https://r2.cnpmjs.org/@types/node/-/node-10.17.60.tgz",
      "integrity": "sha512-F0KIgDJfy2nA3zMLmWGKxcH2ZVEtCZXHHdOQs2gSaQ27+lNeEfGxzkIw90aXswATX7AZ33tahPbzy6KAfUreVw=="
    },
    "copy-dir": {
      "version": "1.3.0",
      "resolved": "https://r2.cnpmjs.org/copy-dir/-/copy-dir-1.3.0.tgz",
      "integrity": "sha512-Q4+qBFnN4bwGwvtXXzbp4P/4iNk0MaiGAzvQ8OiMtlLjkIKjmNN689uVzShSM0908q7GoFHXIPx4zi75ocoaHw==",
      "dev": true
    },
    "rd": {
      "version": "2.0.1",
      "resolved": "https://r2.cnpmjs.org/rd/-/rd-2.0.1.tgz",
      "integrity": "sha512-/XdKU4UazUZTXFmI0dpABt8jSXPWcEyaGdk340KdHnsEOdkTctlX23aAK7ChQDn39YGNlAJr1M5uvaKt4QnpNw==",
      "requires": {
        "@types/node": "^10.3.6"
      }
    }
  }
}
